
Microsoft Visual Studio Solution File, Format Version 12.00
Project("{FAE04EC0-301F-11D3-BF4B-00C04F79EFBC}") = "Datastructures", "Datastructures\Datastructures.csproj", "{B03EA183-4AEE-49C6-BA72-928DCED99DD0}"
EndProject
Project("{FAE04EC0-301F-11D3-BF4B-00C04F79EFBC}") = "DatastructuresTests", "DatastructuresTests\DatastructuresTests.csproj", "{903B9745-503B-468A-ABD3-DFD64DAC6D09}"
EndProject
Global
	GlobalSection(SolutionConfigurationPlatforms) = preSolution
		Debug|Any CPU = Debug|Any CPU
		Release|Any CPU = Release|Any CPU
	EndGlobalSection
	GlobalSection(ProjectConfigurationPlatforms) = postSolution
		{B03EA183-4AEE-49C6-BA72-928DCED99DD0}.Debug|Any CPU.ActiveCfg = Debug|Any CPU
		{B03EA183-4AEE-49C6-BA72-928DCED99DD0}.Debug|Any CPU.Build.0 = Debug|Any CPU
		{B03EA183-4AEE-49C6-BA72-928DCED99DD0}.Release|Any CPU.ActiveCfg = Release|Any CPU
		{B03EA183-4AEE-49C6-BA72-928DCED99DD0}.Release|Any CPU.Build.0 = Release|Any CPU
		{903B9745-503B-468A-ABD3-DFD64DAC6D09}.Debug|Any CPU.ActiveCfg = Debug|Any CPU
		{903B9745-503B-468A-ABD3-DFD64DAC6D09}.Debug|Any CPU.Build.0 = Debug|Any CPU
		{903B9745-503B-468A-ABD3-DFD64DAC6D09}.Release|Any CPU.ActiveCfg = Release|Any CPU
		{903B9745-503B-468A-ABD3-DFD64DAC6D09}.Release|Any CPU.Build.0 = Release|Any CPU
	EndGlobalSection
EndGlobal
